
Microsoft Visual Studio Solution File, Format Version 12.00
# Visual Studio Version 17
VisualStudioVersion = 17.8.34322.80
MinimumVisualStudioVersion = 10.0.40219.1
Project("{FAE04EC0-301F-11D3-BF4B-00C04F79EFBC}") = "DuAnVinCom", "DuAnVinCom\DuAnVinCom.csproj", "{89E8F9DD-6DBD-48CD-976D-6CE03DDA5EBC}"
EndProject
Global
	GlobalSection(SolutionConfigurationPlatforms) = preSolution
		Debug|Any CPU = Debug|Any CPU
		Release|Any CPU = Release|Any CPU
	EndGlobalSection
	GlobalSection(ProjectConfigurationPlatforms) = postSolution
		{89E8F9DD-6DBD-48CD-976D-6CE03DDA5EBC}.Debug|Any CPU.ActiveCfg = Debug|Any CPU
		{89E8F9DD-6DBD-48CD-976D-6CE03DDA5EBC}.Debug|Any CPU.Build.0 = Debug|Any CPU
		{89E8F9DD-6DBD-48CD-976D-6CE03DDA5EBC}.Release|Any CPU.ActiveCfg = Release|Any CPU
		{89E8F9DD-6DBD-48CD-976D-6CE03DDA5EBC}.Release|Any CPU.Build.0 = Release|Any CPU
	EndGlobalSection
	GlobalSection(SolutionProperties) = preSolution
		HideSolutionNode = FALSE
	EndGlobalSection
	GlobalSection(ExtensibilityGlobals) = postSolution
		SolutionGuid = {CB659A4A-4B19-4A15-970D-8B410B72D0CA}
	EndGlobalSection
EndGlobal
